
Microsoft Visual Studio Solution File, Format Version 12.00
# Visual Studio Version 16
VisualStudioVersion = 16.0.31205.134
MinimumVisualStudioVersion = 10.0.40219.1
Project("{FAE04EC0-301F-11D3-BF4B-00C04F79EFBC}") = "CityInfo.API", "CityInfo.API\CityInfo.API.csproj", "{7C8B2888-30F9-417F-A9DC-D467E3FF5755}"
EndProject
Global
	GlobalSection(SolutionConfigurationPlatforms) = preSolution
		Debug|Any CPU = Debug|Any CPU
		Release|Any CPU = Release|Any CPU
	EndGlobalSection
	GlobalSection(ProjectConfigurationPlatforms) = postSolution
		{7C8B2888-30F9-417F-A9DC-D467E3FF5755}.Debug|Any CPU.ActiveCfg = Debug|Any CPU
		{7C8B2888-30F9-417F-A9DC-D467E3FF5755}.Debug|Any CPU.Build.0 = Debug|Any CPU
		{7C8B2888-30F9-417F-A9DC-D467E3FF5755}.Release|Any CPU.ActiveCfg = Release|Any CPU
		{7C8B2888-30F9-417F-A9DC-D467E3FF5755}.Release|Any CPU.Build.0 = Release|Any CPU
	EndGlobalSection
	GlobalSection(SolutionProperties) = preSolution
		HideSolutionNode = FALSE
	EndGlobalSection
	GlobalSection(ExtensibilityGlobals) = postSolution
		SolutionGuid = {DA15CCCC-993C-446D-9C53-1529365E60D0}
	EndGlobalSection
EndGlobal
